
Microsoft Visual Studio Solution File, Format Version 12.00
# Visual Studio 15
VisualStudioVersion = 15.0.27703.2035
MinimumVisualStudioVersion = 10.0.40219.1
Project("{FAE04EC0-301F-11D3-BF4B-00C04F79EFBC}") = "WebPrueba", "WebPrueba\WebPrueba.csproj", "{8FD5672D-4FDB-4B92-AABE-8A547881737A}"
EndProject
Project("{FAE04EC0-301F-11D3-BF4B-00C04F79EFBC}") = "Datos", "Datos\Datos.csproj", "{284F24C6-2186-4DB7-9BC4-CF5FA9C4801E}"
EndProject
Project("{FAE04EC0-301F-11D3-BF4B-00C04F79EFBC}") = "Model", "Model\Model.csproj", "{C172E02A-1214-4A66-835C-7FC2E611766E}"
EndProject
Project("{FAE04EC0-301F-11D3-BF4B-00C04F79EFBC}") = "ServicioREST", "ServicioREST\ServicioREST.csproj", "{70D543B7-17DC-4D09-865E-68CE3864EEA4}"
EndProject
Project("{FAE04EC0-301F-11D3-BF4B-00C04F79EFBC}") = "LogicaNegocio", "LogicaNegocio\LogicaNegocio.csproj", "{55F188C0-0D2E-41DE-9021-4097791E9B58}"
EndProject
Global
	GlobalSection(SolutionConfigurationPlatforms) = preSolution
		Debug|Any CPU = Debug|Any CPU
		Debug|ARM = Debug|ARM
		Debug|x64 = Debug|x64
		Debug|x86 = Debug|x86
		Release|Any CPU = Release|Any CPU
		Release|ARM = Release|ARM
		Release|x64 = Release|x64
		Release|x86 = Release|x86
	EndGlobalSection
	GlobalSection(ProjectConfigurationPlatforms) = postSolution
		{8FD5672D-4FDB-4B92-AABE-8A547881737A}.Debug|Any CPU.ActiveCfg = Debug|Any CPU
		{8FD5672D-4FDB-4B92-AABE-8A547881737A}.Debug|Any CPU.Build.0 = Debug|Any CPU
		{8FD5672D-4FDB-4B92-AABE-8A547881737A}.Debug|ARM.ActiveCfg = Debug|Any CPU
		{8FD5672D-4FDB-4B92-AABE-8A547881737A}.Debug|ARM.Build.0 = Debug|Any CPU
		{8FD5672D-4FDB-4B92-AABE-8A547881737A}.Debug|x64.ActiveCfg = Debug|Any CPU
		{8FD5672D-4FDB-4B92-AABE-8A547881737A}.Debug|x64.Build.0 = Debug|Any CPU
		{8FD5672D-4FDB-4B92-AABE-8A547881737A}.Debug|x86.ActiveCfg = Debug|Any CPU
		{8FD5672D-4FDB-4B92-AABE-8A547881737A}.Debug|x86.Build.0 = Debug|Any CPU
		{8FD5672D-4FDB-4B92-AABE-8A547881737A}.Release|Any CPU.ActiveCfg = Release|Any CPU
		{8FD5672D-4FDB-4B92-AABE-8A547881737A}.Release|Any CPU.Build.0 = Release|Any CPU
		{8FD5672D-4FDB-4B92-AABE-8A547881737A}.Release|ARM.ActiveCfg = Release|Any CPU
		{8FD5672D-4FDB-4B92-AABE-8A547881737A}.Release|ARM.Build.0 = Release|Any CPU
		{8FD5672D-4FDB-4B92-AABE-8A547881737A}.Release|x64.ActiveCfg = Release|Any CPU
		{8FD5672D-4FDB-4B92-AABE-8A547881737A}.Release|x64.Build.0 = Release|Any CPU
		{8FD5672D-4FDB-4B92-AABE-8A547881737A}.Release|x86.ActiveCfg = Release|Any CPU
		{8FD5672D-4FDB-4B92-AABE-8A547881737A}.Release|x86.Build.0 = Release|Any CPU
		{284F24C6-2186-4DB7-9BC4-CF5FA9C4801E}.Debug|Any CPU.ActiveCfg = Debug|Any CPU
		{284F24C6-2186-4DB7-9BC4-CF5FA9C4801E}.Debug|Any CPU.Build.0 = Debug|Any CPU
		{284F24C6-2186-4DB7-9BC4-CF5FA9C4801E}.Debug|ARM.ActiveCfg = Debug|Any CPU
		{284F24C6-2186-4DB7-9BC4-CF5FA9C4801E}.Debug|ARM.Build.0 = Debug|Any CPU
		{284F24C6-2186-4DB7-9BC4-CF5FA9C4801E}.Debug|x64.ActiveCfg = Debug|Any CPU
		{284F24C6-2186-4DB7-9BC4-CF5FA9C4801E}.Debug|x64.Build.0 = Debug|Any CPU
		{284F24C6-2186-4DB7-9BC4-CF5FA9C4801E}.Debug|x86.ActiveCfg = Debug|Any CPU
		{284F24C6-2186-4DB7-9BC4-CF5FA9C4801E}.Debug|x86.Build.0 = Debug|Any CPU
		{284F24C6-2186-4DB7-9BC4-CF5FA9C4801E}.Release|Any CPU.ActiveCfg = Release|Any CPU
		{284F24C6-2186-4DB7-9BC4-CF5FA9C4801E}.Release|Any CPU.Build.0 = Release|Any CPU
		{284F24C6-2186-4DB7-9BC4-CF5FA9C4801E}.Release|ARM.ActiveCfg = Release|Any CPU
		{284F24C6-2186-4DB7-9BC4-CF5FA9C4801E}.Release|ARM.Build.0 = Release|Any CPU
		{284F24C6-2186-4DB7-9BC4-CF5FA9C4801E}.Release|x64.ActiveCfg = Release|Any CPU
		{284F24C6-2186-4DB7-9BC4-CF5FA9C4801E}.Release|x64.Build.0 = Release|Any CPU
		{284F24C6-2186-4DB7-9BC4-CF5FA9C4801E}.Release|x86.ActiveCfg = Release|Any CPU
		{284F24C6-2186-4DB7-9BC4-CF5FA9C4801E}.Release|x86.Build.0 = Release|Any CPU
		{C172E02A-1214-4A66-835C-7FC2E611766E}.Debug|Any CPU.ActiveCfg = Debug|Any CPU
		{C172E02A-1214-4A66-835C-7FC2E611766E}.Debug|Any CPU.Build.0 = Debug|Any CPU
		{C172E02A-1214-4A66-835C-7FC2E611766E}.Debug|ARM.ActiveCfg = Debug|Any CPU
		{C172E02A-1214-4A66-835C-7FC2E611766E}.Debug|ARM.Build.0 = Debug|Any CPU
		{C172E02A-1214-4A66-835C-7FC2E611766E}.Debug|x64.ActiveCfg = Debug|Any CPU
		{C172E02A-1214-4A66-835C-7FC2E611766E}.Debug|x64.Build.0 = Debug|Any CPU
		{C172E02A-1214-4A66-835C-7FC2E611766E}.Debug|x86.ActiveCfg = Debug|Any CPU
		{C172E02A-1214-4A66-835C-7FC2E611766E}.Debug|x86.Build.0 = Debug|Any CPU
		{C172E02A-1214-4A66-835C-7FC2E611766E}.Release|Any CPU.ActiveCfg = Release|Any CPU
		{C172E02A-1214-4A66-835C-7FC2E611766E}.Release|Any CPU.Build.0 = Release|Any CPU
		{C172E02A-1214-4A66-835C-7FC2E611766E}.Release|ARM.ActiveCfg = Release|Any CPU
		{C172E02A-1214-4A66-835C-7FC2E611766E}.Release|ARM.Build.0 = Release|Any CPU
		{C172E02A-1214-4A66-835C-7FC2E611766E}.Release|x64.ActiveCfg = Release|Any CPU
		{C172E02A-1214-4A66-835C-7FC2E611766E}.Release|x64.Build.0 = Release|Any CPU
		{C172E02A-1214-4A66-835C-7FC2E611766E}.Release|x86.ActiveCfg = Release|Any CPU
		{C172E02A-1214-4A66-835C-7FC2E611766E}.Release|x86.Build.0 = Release|Any CPU
		{70D543B7-17DC-4D09-865E-68CE3864EEA4}.Debug|Any CPU.ActiveCfg = Debug|Any CPU
		{70D543B7-17DC-4D09-865E-68CE3864EEA4}.Debug|Any CPU.Build.0 = Debug|Any CPU
		{70D543B7-17DC-4D09-865E-68CE3864EEA4}.Debug|ARM.ActiveCfg = Debug|Any CPU
		{70D543B7-17DC-4D09-865E-68CE3864EEA4}.Debug|ARM.Build.0 = Debug|Any CPU
		{70D543B7-17DC-4D09-865E-68CE3864EEA4}.Debug|x64.ActiveCfg = Debug|Any CPU
		{70D543B7-17DC-4D09-865E-68CE3864EEA4}.Debug|x64.Build.0 = Debug|Any CPU
		{70D543B7-17DC-4D09-865E-68CE3864EEA4}.Debug|x86.ActiveCfg = Debug|Any CPU
		{70D543B7-17DC-4D09-865E-68CE3864EEA4}.Debug|x86.Build.0 = Debug|Any CPU
		{70D543B7-17DC-4D09-865E-68CE3864EEA4}.Release|Any CPU.ActiveCfg = Release|Any CPU
		{70D543B7-17DC-4D09-865E-68CE3864EEA4}.Release|Any CPU.Build.0 = Release|Any CPU
		{70D543B7-17DC-4D09-865E-68CE3864EEA4}.Release|ARM.ActiveCfg = Release|Any CPU
		{70D543B7-17DC-4D09-865E-68CE3864EEA4}.Release|ARM.Build.0 = Release|Any CPU
		{70D543B7-17DC-4D09-865E-68CE3864EEA4}.Release|x64.ActiveCfg = Release|Any CPU
		{70D543B7-17DC-4D09-865E-68CE3864EEA4}.Release|x64.Build.0 = Release|Any CPU
		{70D543B7-17DC-4D09-865E-68CE3864EEA4}.Release|x86.ActiveCfg = Release|Any CPU
		{70D543B7-17DC-4D09-865E-68CE3864EEA4}.Release|x86.Build.0 = Release|Any CPU
		{55F188C0-0D2E-41DE-9021-4097791E9B58}.Debug|Any CPU.ActiveCfg = Debug|Any CPU
		{55F188C0-0D2E-41DE-9021-4097791E9B58}.Debug|Any CPU.Build.0 = Debug|Any CPU
		{55F188C0-0D2E-41DE-9021-4097791E9B58}.Debug|ARM.ActiveCfg = Debug|Any CPU
		{55F188C0-0D2E-41DE-9021-4097791E9B58}.Debug|ARM.Build.0 = Debug|Any CPU
		{55F188C0-0D2E-41DE-9021-4097791E9B58}.Debug|x64.ActiveCfg = Debug|Any CPU
		{55F188C0-0D2E-41DE-9021-4097791E9B58}.Debug|x64.Build.0 = Debug|Any CPU
		{55F188C0-0D2E-41DE-9021-4097791E9B58}.Debug|x86.ActiveCfg = Debug|Any CPU
		{55F188C0-0D2E-41DE-9021-4097791E9B58}.Debug|x86.Build.0 = Debug|Any CPU
		{55F188C0-0D2E-41DE-9021-4097791E9B58}.Release|Any CPU.ActiveCfg = Release|Any CPU
		{55F188C0-0D2E-41DE-9021-4097791E9B58}.Release|Any CPU.Build.0 = Release|Any CPU
		{55F188C0-0D2E-41DE-9021-4097791E9B58}.Release|ARM.ActiveCfg = Release|Any CPU
		{55F188C0-0D2E-41DE-9021-4097791E9B58}.Release|ARM.Build.0 = Release|Any CPU
		{55F188C0-0D2E-41DE-9021-4097791E9B58}.Release|x64.ActiveCfg = Release|Any CPU
		{55F188C0-0D2E-41DE-9021-4097791E9B58}.Release|x64.Build.0 = Release|Any CPU
		{55F188C0-0D2E-41DE-9021-4097791E9B58}.Release|x86.ActiveCfg = Release|Any CPU
		{55F188C0-0D2E-41DE-9021-4097791E9B58}.Release|x86.Build.0 = Release|Any CPU
	EndGlobalSection
	GlobalSection(SolutionProperties) = preSolution
		HideSolutionNode = FALSE
	EndGlobalSection
	GlobalSection(ExtensibilityGlobals) = postSolution
		SolutionGuid = {031BC717-11F9-42D8-BE74-64B707C01C17}
	EndGlobalSection
EndGlobal
